
Microsoft Visual Studio Solution File, Format Version 12.00
# Visual Studio Version 17
VisualStudioVersion = 17.1.31903.286
MinimumVisualStudioVersion = 10.0.40219.1
Project("{9A19103F-16F7-4668-BE54-9A1E7A4F7556}") = "OpenCodeDev.Blazor.Foundation", "Blazor_Foundation_6_Lib\OpenCodeDev.Blazor.Foundation.csproj", "{03C9CF81-244C-4CB1-A178-EBDDF408358D}"
EndProject
Project("{9A19103F-16F7-4668-BE54-9A1E7A4F7556}") = "OpenCodeDev.Blazor.Foundation.Doc.Core", "Blazor_Foundation_6_Test_Shared\OpenCodeDev.Blazor.Foundation.Doc.Core.csproj", "{A27EE5BA-B03C-4A78-9590-7335DDCCACA2}"
EndProject
Project("{9A19103F-16F7-4668-BE54-9A1E7A4F7556}") = "OpenCodeDev.Blazor.Foundation.Doc.Wasm", "Blazor_Foundation_6_Test_WASM\OpenCodeDev.Blazor.Foundation.Doc.Wasm.csproj", "{2E676123-CCFF-4461-ACDB-95EBDDFDC803}"
EndProject
Project("{9A19103F-16F7-4668-BE54-9A1E7A4F7556}") = "OpenCodeDev.Blazor.Foundation.Plugins.HighlightCS", "OpenCodeDev.Blazor.Foundation.CodeHighlighter\OpenCodeDev.Blazor.Foundation.Plugins.HighlightCS.csproj", "{14DCD38B-0504-44F9-8113-084C608554B6}"
EndProject
Project("{FAE04EC0-301F-11D3-BF4B-00C04F79EFBC}") = "OpenCodeDev.Blazor.Foundation.Doc.Host", "OpenCodeDev.Blazor.Foundation.Doc.Host\OpenCodeDev.Blazor.Foundation.Doc.Host.csproj", "{E9DB1173-02CD-4822-9E1F-DFB639352B86}"
EndProject
Global
	GlobalSection(SolutionConfigurationPlatforms) = preSolution
		Debug|Any CPU = Debug|Any CPU
		Release|Any CPU = Release|Any CPU
	EndGlobalSection
	GlobalSection(ProjectConfigurationPlatforms) = postSolution
		{03C9CF81-244C-4CB1-A178-EBDDF408358D}.Debug|Any CPU.ActiveCfg = Debug|Any CPU
		{03C9CF81-244C-4CB1-A178-EBDDF408358D}.Debug|Any CPU.Build.0 = Debug|Any CPU
		{03C9CF81-244C-4CB1-A178-EBDDF408358D}.Release|Any CPU.ActiveCfg = Release|Any CPU
		{03C9CF81-244C-4CB1-A178-EBDDF408358D}.Release|Any CPU.Build.0 = Release|Any CPU
		{A27EE5BA-B03C-4A78-9590-7335DDCCACA2}.Debug|Any CPU.ActiveCfg = Debug|Any CPU
		{A27EE5BA-B03C-4A78-9590-7335DDCCACA2}.Debug|Any CPU.Build.0 = Debug|Any CPU
		{A27EE5BA-B03C-4A78-9590-7335DDCCACA2}.Release|Any CPU.ActiveCfg = Release|Any CPU
		{A27EE5BA-B03C-4A78-9590-7335DDCCACA2}.Release|Any CPU.Build.0 = Release|Any CPU
		{2E676123-CCFF-4461-ACDB-95EBDDFDC803}.Debug|Any CPU.ActiveCfg = Debug|Any CPU
		{2E676123-CCFF-4461-ACDB-95EBDDFDC803}.Debug|Any CPU.Build.0 = Debug|Any CPU
		{2E676123-CCFF-4461-ACDB-95EBDDFDC803}.Release|Any CPU.ActiveCfg = Release|Any CPU
		{2E676123-CCFF-4461-ACDB-95EBDDFDC803}.Release|Any CPU.Build.0 = Release|Any CPU
		{14DCD38B-0504-44F9-8113-084C608554B6}.Debug|Any CPU.ActiveCfg = Debug|Any CPU
		{14DCD38B-0504-44F9-8113-084C608554B6}.Debug|Any CPU.Build.0 = Debug|Any CPU
		{14DCD38B-0504-44F9-8113-084C608554B6}.Release|Any CPU.ActiveCfg = Release|Any CPU
		{14DCD38B-0504-44F9-8113-084C608554B6}.Release|Any CPU.Build.0 = Release|Any CPU
		{E9DB1173-02CD-4822-9E1F-DFB639352B86}.Debug|Any CPU.ActiveCfg = Debug|Any CPU
		{E9DB1173-02CD-4822-9E1F-DFB639352B86}.Debug|Any CPU.Build.0 = Debug|Any CPU
		{E9DB1173-02CD-4822-9E1F-DFB639352B86}.Release|Any CPU.ActiveCfg = Release|Any CPU
		{E9DB1173-02CD-4822-9E1F-DFB639352B86}.Release|Any CPU.Build.0 = Release|Any CPU
	EndGlobalSection
	GlobalSection(SolutionProperties) = preSolution
		HideSolutionNode = FALSE
	EndGlobalSection
	GlobalSection(ExtensibilityGlobals) = postSolution
		SolutionGuid = {247E49D0-1AE4-4FD9-BEBB-5E4D6E602994}
	EndGlobalSection
EndGlobal
