{
  "name": "blazor_foundation_js",
  "version": "1.0.0",
  "lockfileVersion": 3,
  "requires": true,
  "packages": {
    "": {
      "name": "blazor_foundation_js",
      "version": "1.0.0",
      "license": "ISC",
      "dependencies": {
        "combine-files": "^1.1.8"
      }
    },
    "node_modules/combine-files": {
      "version": "1.1.8",
      "resolved": "https://registry.npmjs.org/combine-files/-/combine-files-1.1.8.tgz",
      "integrity": "sha512-Ut/1sjySj6DyjyWZ5fQNThTTAZlj7968tozHqSGXFEcyaQeQUKFdb1HZDcNrzGRfAbKERw2S2m/+5x6zupBU6A==",
      "bin": {
        "combine-files": "combine-files.js"
      }
    }
  }
}
